
Microsoft Visual Studio Solution File, Format Version 12.00
# Visual Studio Version 16
VisualStudioVersion = 16.0.29418.71
MinimumVisualStudioVersion = 10.0.40219.1
Project("{FAE04EC0-301F-11D3-BF4B-00C04F79EFBC}") = "WidgetCorporation", "WidgetCorporation.csproj", "{EC405BF9-2084-4692-995F-872A5172DC47}"
EndProject
Global
	GlobalSection(SolutionConfigurationPlatforms) = preSolution
		Debug|Any CPU = Debug|Any CPU
		Release|Any CPU = Release|Any CPU
	EndGlobalSection
	GlobalSection(ProjectConfigurationPlatforms) = postSolution
		{EC405BF9-2084-4692-995F-872A5172DC47}.Debug|Any CPU.ActiveCfg = Debug|Any CPU
		{EC405BF9-2084-4692-995F-872A5172DC47}.Debug|Any CPU.Build.0 = Debug|Any CPU
		{EC405BF9-2084-4692-995F-872A5172DC47}.Release|Any CPU.ActiveCfg = Release|Any CPU
		{EC405BF9-2084-4692-995F-872A5172DC47}.Release|Any CPU.Build.0 = Release|Any CPU
	EndGlobalSection
	GlobalSection(SolutionProperties) = preSolution
		HideSolutionNode = FALSE
	EndGlobalSection
	GlobalSection(ExtensibilityGlobals) = postSolution
		SolutionGuid = {72387333-D43E-4313-895E-CACB889D65FE}
	EndGlobalSection
EndGlobal
